
Microsoft Visual Studio Solution File, Format Version 12.00
# Visual Studio Version 17
VisualStudioVersion = 17.0.31825.309
MinimumVisualStudioVersion = 10.0.40219.1
Project("{FAE04EC0-301F-11D3-BF4B-00C04F79EFBC}") = "1000BT_BT8", "1000BT_BT8\1000BT_BT8.csproj", "{DA56DF7D-C449-4442-BCAD-5A17887C56AC}"
EndProject
Global
	GlobalSection(SolutionConfigurationPlatforms) = preSolution
		Debug|Any CPU = Debug|Any CPU
		Release|Any CPU = Release|Any CPU
	EndGlobalSection
	GlobalSection(ProjectConfigurationPlatforms) = postSolution
		{DA56DF7D-C449-4442-BCAD-5A17887C56AC}.Debug|Any CPU.ActiveCfg = Debug|Any CPU
		{DA56DF7D-C449-4442-BCAD-5A17887C56AC}.Debug|Any CPU.Build.0 = Debug|Any CPU
		{DA56DF7D-C449-4442-BCAD-5A17887C56AC}.Release|Any CPU.ActiveCfg = Release|Any CPU
		{DA56DF7D-C449-4442-BCAD-5A17887C56AC}.Release|Any CPU.Build.0 = Release|Any CPU
	EndGlobalSection
	GlobalSection(SolutionProperties) = preSolution
		HideSolutionNode = FALSE
	EndGlobalSection
	GlobalSection(ExtensibilityGlobals) = postSolution
		SolutionGuid = {015FDC29-7BC2-46E3-AC9C-477435B331D2}
	EndGlobalSection
EndGlobal
