
Microsoft Visual Studio Solution File, Format Version 12.00
# Visual Studio Version 17
VisualStudioVersion = 17.0.31825.309
MinimumVisualStudioVersion = 10.0.40219.1
Project("{FAE04EC0-301F-11D3-BF4B-00C04F79EFBC}") = "1000BT_BT11", "1000BT_BT11\1000BT_BT11.csproj", "{252F3210-A0FF-4D18-A492-CA185054C3F4}"
EndProject
Global
	GlobalSection(SolutionConfigurationPlatforms) = preSolution
		Debug|Any CPU = Debug|Any CPU
		Release|Any CPU = Release|Any CPU
	EndGlobalSection
	GlobalSection(ProjectConfigurationPlatforms) = postSolution
		{252F3210-A0FF-4D18-A492-CA185054C3F4}.Debug|Any CPU.ActiveCfg = Debug|Any CPU
		{252F3210-A0FF-4D18-A492-CA185054C3F4}.Debug|Any CPU.Build.0 = Debug|Any CPU
		{252F3210-A0FF-4D18-A492-CA185054C3F4}.Release|Any CPU.ActiveCfg = Release|Any CPU
		{252F3210-A0FF-4D18-A492-CA185054C3F4}.Release|Any CPU.Build.0 = Release|Any CPU
	EndGlobalSection
	GlobalSection(SolutionProperties) = preSolution
		HideSolutionNode = FALSE
	EndGlobalSection
	GlobalSection(ExtensibilityGlobals) = postSolution
		SolutionGuid = {7A7755AA-0DD5-4EA4-B0FB-0BDABFB970E2}
	EndGlobalSection
EndGlobal
